
Microsoft Visual Studio Solution File, Format Version 12.00
# Visual Studio Version 16
VisualStudioVersion = 16.0.29411.108
MinimumVisualStudioVersion = 10.0.40219.1
Project("{F184B08F-C81C-45F6-A57F-5ABD9991F28F}") = "PainProject", "PainProject\PainProject.vbproj", "{10182627-5ECE-4AAD-8591-68210259E49E}"
EndProject
Global
	GlobalSection(SolutionConfigurationPlatforms) = preSolution
		Debug|Any CPU = Debug|Any CPU
		Release|Any CPU = Release|Any CPU
	EndGlobalSection
	GlobalSection(ProjectConfigurationPlatforms) = postSolution
		{10182627-5ECE-4AAD-8591-68210259E49E}.Debug|Any CPU.ActiveCfg = Debug|Any CPU
		{10182627-5ECE-4AAD-8591-68210259E49E}.Debug|Any CPU.Build.0 = Debug|Any CPU
		{10182627-5ECE-4AAD-8591-68210259E49E}.Release|Any CPU.ActiveCfg = Release|Any CPU
		{10182627-5ECE-4AAD-8591-68210259E49E}.Release|Any CPU.Build.0 = Release|Any CPU
	EndGlobalSection
	GlobalSection(SolutionProperties) = preSolution
		HideSolutionNode = FALSE
	EndGlobalSection
	GlobalSection(ExtensibilityGlobals) = postSolution
		SolutionGuid = {77BF3317-E900-498E-9D75-A3BBD5AC0680}
	EndGlobalSection
EndGlobal
